{
    "_meta": {
        "hash": {
            "sha256": "9ade9f2092ba941793f1dfb3ef40a049b03ae2166bf63c5cbb8ed4bbb344a879"
        },
        "pipfile-spec": 6,
        "requires": {
            "python_version": "3.11"
        },
        "sources": [
            {
                "name": "pypi",
                "url": "https://pypi.org/simple",
                "verify_ssl": true
            }
        ]
    },
    "default": {
        "form": {
            "hashes": [
                "sha256:b5b7f849476a92bd940bd5c59552e675ab9167715b9a8948058317709ae3f4f3"
            ],
            "index": "pypi",
            "version": "==0.0.1"
        }
    },
    "develop": {}
}
